
Microsoft Visual Studio Solution File, Format Version 12.00
# Visual Studio Version 16
VisualStudioVersion = 16.0.31729.503
MinimumVisualStudioVersion = 10.0.40219.1
Project("{FAE04EC0-301F-11D3-BF4B-00C04F79EFBC}") = "ToStringMethod", "ToStringMethod\ToStringMethod.csproj", "{1A881F4B-666E-41C9-BA1D-CB6FBDA48ED5}"
EndProject
Global
	GlobalSection(SolutionConfigurationPlatforms) = preSolution
		Debug|Any CPU = Debug|Any CPU
		Release|Any CPU = Release|Any CPU
	EndGlobalSection
	GlobalSection(ProjectConfigurationPlatforms) = postSolution
		{1A881F4B-666E-41C9-BA1D-CB6FBDA48ED5}.Debug|Any CPU.ActiveCfg = Debug|Any CPU
		{1A881F4B-666E-41C9-BA1D-CB6FBDA48ED5}.Debug|Any CPU.Build.0 = Debug|Any CPU
		{1A881F4B-666E-41C9-BA1D-CB6FBDA48ED5}.Release|Any CPU.ActiveCfg = Release|Any CPU
		{1A881F4B-666E-41C9-BA1D-CB6FBDA48ED5}.Release|Any CPU.Build.0 = Release|Any CPU
	EndGlobalSection
	GlobalSection(SolutionProperties) = preSolution
		HideSolutionNode = FALSE
	EndGlobalSection
	GlobalSection(ExtensibilityGlobals) = postSolution
		SolutionGuid = {05E1C338-99C5-4069-8D25-F9093FFF42E4}
	EndGlobalSection
EndGlobal
